
Microsoft Visual Studio Solution File, Format Version 12.00
# Visual Studio Version 16
VisualStudioVersion = 16.0.31205.134
MinimumVisualStudioVersion = 10.0.40219.1
Project("{9A19103F-16F7-4668-BE54-9A1E7A4F7556}") = "GhostGolfClient", "GhostGolfClient\GhostGolfClient.csproj", "{D302C8BC-137F-4400-8EC1-2BD64640660C}"
EndProject
Project("{9A19103F-16F7-4668-BE54-9A1E7A4F7556}") = "GhostGolfServer", "GhostGolfServer\GhostGolfServer.csproj", "{8C3FA28A-CE71-4F73-BFF9-B89B219992CC}"
EndProject
Project("{D954291E-2A0B-460D-934E-DC6B0785DB48}") = "ServerClientConnection", "ServerClientConnection\ServerClientConnection.shproj", "{F6F73046-5191-4C46-97D1-DE570A62D6E7}"
EndProject
Project("{FAE04EC0-301F-11D3-BF4B-00C04F79EFBC}") = "ClientWPF", "ClientWPF\ClientWPF.csproj", "{88479EA4-7E36-4952-8B10-571F26B56223}"
EndProject
Global
	GlobalSection(SharedMSBuildProjectFiles) = preSolution
		ServerClientConnection\ServerClientConnection.projitems*{8c3fa28a-ce71-4f73-bff9-b89b219992cc}*SharedItemsImports = 5
		ServerClientConnection\ServerClientConnection.projitems*{d302c8bc-137f-4400-8ec1-2bd64640660c}*SharedItemsImports = 5
		ServerClientConnection\ServerClientConnection.projitems*{f6f73046-5191-4c46-97d1-de570a62d6e7}*SharedItemsImports = 13
	EndGlobalSection
	GlobalSection(SolutionConfigurationPlatforms) = preSolution
		Debug|Any CPU = Debug|Any CPU
		Release|Any CPU = Release|Any CPU
	EndGlobalSection
	GlobalSection(ProjectConfigurationPlatforms) = postSolution
		{D302C8BC-137F-4400-8EC1-2BD64640660C}.Debug|Any CPU.ActiveCfg = Debug|Any CPU
		{D302C8BC-137F-4400-8EC1-2BD64640660C}.Debug|Any CPU.Build.0 = Debug|Any CPU
		{D302C8BC-137F-4400-8EC1-2BD64640660C}.Release|Any CPU.ActiveCfg = Release|Any CPU
		{D302C8BC-137F-4400-8EC1-2BD64640660C}.Release|Any CPU.Build.0 = Release|Any CPU
		{8C3FA28A-CE71-4F73-BFF9-B89B219992CC}.Debug|Any CPU.ActiveCfg = Debug|Any CPU
		{8C3FA28A-CE71-4F73-BFF9-B89B219992CC}.Debug|Any CPU.Build.0 = Debug|Any CPU
		{8C3FA28A-CE71-4F73-BFF9-B89B219992CC}.Release|Any CPU.ActiveCfg = Release|Any CPU
		{8C3FA28A-CE71-4F73-BFF9-B89B219992CC}.Release|Any CPU.Build.0 = Release|Any CPU
		{88479EA4-7E36-4952-8B10-571F26B56223}.Debug|Any CPU.ActiveCfg = Debug|Any CPU
		{88479EA4-7E36-4952-8B10-571F26B56223}.Debug|Any CPU.Build.0 = Debug|Any CPU
		{88479EA4-7E36-4952-8B10-571F26B56223}.Release|Any CPU.ActiveCfg = Release|Any CPU
		{88479EA4-7E36-4952-8B10-571F26B56223}.Release|Any CPU.Build.0 = Release|Any CPU
	EndGlobalSection
	GlobalSection(SolutionProperties) = preSolution
		HideSolutionNode = FALSE
	EndGlobalSection
	GlobalSection(ExtensibilityGlobals) = postSolution
		SolutionGuid = {C9BC4BF4-BB38-4DEB-A897-01DEB83F7BB5}
	EndGlobalSection
EndGlobal
